
Microsoft Visual Studio Solution File, Format Version 11.00
# Visual Studio 2010
Project("{8BC9CEB8-8B4A-11D0-8D11-00A0C91BC942}") = "ErodingAndDilatingTest", "ErodingAndDilatingTest\ErodingAndDilatingTest.vcxproj", "{79C64555-E148-4386-B028-828D99B4D6B8}"
EndProject
Project("{8BC9CEB8-8B4A-11D0-8D11-00A0C91BC942}") = "OpenCVTest", "OpenCVTest\OpenCVTest.vcxproj", "{E88D5E05-44EB-4531-B097-E6B6A1FFD806}"
EndProject
Project("{8BC9CEB8-8B4A-11D0-8D11-00A0C91BC942}") = "GrabCutTest", "GrabCutTest\GrabCutTest.vcxproj", "{5791DC49-79F7-4C20-A165-90C0699FF518}"
EndProject
Project("{8BC9CEB8-8B4A-11D0-8D11-00A0C91BC942}") = "ThinTest", "ThinTest\ThinTest.vcxproj", "{8F5DDEF7-514A-4B41-A80A-D61624F13371}"
EndProject
Project("{8BC9CEB8-8B4A-11D0-8D11-00A0C91BC942}") = "SmoothTest", "SmoothTest\SmoothTest.vcxproj", "{94846A9D-E50D-4C8B-AC6C-564C5CAF091A}"
EndProject
Project("{8BC9CEB8-8B4A-11D0-8D11-00A0C91BC942}") = "SaliencyCut", "SaliencyCut\SalencyCut.vcxproj", "{B6B34723-BAA8-4A97-ACEA-9B53F73B07EA}"
EndProject
Project("{8BC9CEB8-8B4A-11D0-8D11-00A0C91BC942}") = "GrabCutTest2", "GrabCutTest2\GrabCutTest2.vcxproj", "{FE23FD66-B704-4120-894B-5221D2D4F5BD}"
EndProject
Project("{8BC9CEB8-8B4A-11D0-8D11-00A0C91BC942}") = "PixelWiseProcessing", "PixelWiseProcessing\PixelWiseProcessing.vcxproj", "{E15E9F36-73E2-45AA-9A7B-5C2FC3065B06}"
EndProject
Global
	GlobalSection(SolutionConfigurationPlatforms) = preSolution
		Debug|Win32 = Debug|Win32
		Debug|x64 = Debug|x64
		Release|Win32 = Release|Win32
		Release|x64 = Release|x64
	EndGlobalSection
	GlobalSection(ProjectConfigurationPlatforms) = postSolution
		{79C64555-E148-4386-B028-828D99B4D6B8}.Debug|Win32.ActiveCfg = Debug|x64
		{79C64555-E148-4386-B028-828D99B4D6B8}.Debug|Win32.Build.0 = Debug|x64
		{79C64555-E148-4386-B028-828D99B4D6B8}.Debug|x64.ActiveCfg = Debug|x64
		{79C64555-E148-4386-B028-828D99B4D6B8}.Debug|x64.Build.0 = Debug|x64
		{79C64555-E148-4386-B028-828D99B4D6B8}.Release|Win32.ActiveCfg = Release|Win32
		{79C64555-E148-4386-B028-828D99B4D6B8}.Release|Win32.Build.0 = Release|Win32
		{79C64555-E148-4386-B028-828D99B4D6B8}.Release|x64.ActiveCfg = Release|x64
		{79C64555-E148-4386-B028-828D99B4D6B8}.Release|x64.Build.0 = Release|x64
		{E88D5E05-44EB-4531-B097-E6B6A1FFD806}.Debug|Win32.ActiveCfg = Debug|x64
		{E88D5E05-44EB-4531-B097-E6B6A1FFD806}.Debug|Win32.Build.0 = Debug|x64
		{E88D5E05-44EB-4531-B097-E6B6A1FFD806}.Debug|x64.ActiveCfg = Debug|x64
		{E88D5E05-44EB-4531-B097-E6B6A1FFD806}.Debug|x64.Build.0 = Debug|x64
		{E88D5E05-44EB-4531-B097-E6B6A1FFD806}.Release|Win32.ActiveCfg = Release|Win32
		{E88D5E05-44EB-4531-B097-E6B6A1FFD806}.Release|Win32.Build.0 = Release|Win32
		{E88D5E05-44EB-4531-B097-E6B6A1FFD806}.Release|x64.ActiveCfg = Release|x64
		{E88D5E05-44EB-4531-B097-E6B6A1FFD806}.Release|x64.Build.0 = Release|x64
		{5791DC49-79F7-4C20-A165-90C0699FF518}.Debug|Win32.ActiveCfg = Debug|x64
		{5791DC49-79F7-4C20-A165-90C0699FF518}.Debug|Win32.Build.0 = Debug|x64
		{5791DC49-79F7-4C20-A165-90C0699FF518}.Debug|x64.ActiveCfg = Debug|x64
		{5791DC49-79F7-4C20-A165-90C0699FF518}.Debug|x64.Build.0 = Debug|x64
		{5791DC49-79F7-4C20-A165-90C0699FF518}.Release|Win32.ActiveCfg = Release|Win32
		{5791DC49-79F7-4C20-A165-90C0699FF518}.Release|Win32.Build.0 = Release|Win32
		{5791DC49-79F7-4C20-A165-90C0699FF518}.Release|x64.ActiveCfg = Release|x64
		{5791DC49-79F7-4C20-A165-90C0699FF518}.Release|x64.Build.0 = Release|x64
		{8F5DDEF7-514A-4B41-A80A-D61624F13371}.Debug|Win32.ActiveCfg = Debug|Win32
		{8F5DDEF7-514A-4B41-A80A-D61624F13371}.Debug|Win32.Build.0 = Debug|Win32
		{8F5DDEF7-514A-4B41-A80A-D61624F13371}.Debug|x64.ActiveCfg = Debug|x64
		{8F5DDEF7-514A-4B41-A80A-D61624F13371}.Debug|x64.Build.0 = Debug|x64
		{8F5DDEF7-514A-4B41-A80A-D61624F13371}.Release|Win32.ActiveCfg = Release|Win32
		{8F5DDEF7-514A-4B41-A80A-D61624F13371}.Release|Win32.Build.0 = Release|Win32
		{8F5DDEF7-514A-4B41-A80A-D61624F13371}.Release|x64.ActiveCfg = Release|Win32
		{94846A9D-E50D-4C8B-AC6C-564C5CAF091A}.Debug|Win32.ActiveCfg = Debug|Win32
		{94846A9D-E50D-4C8B-AC6C-564C5CAF091A}.Debug|Win32.Build.0 = Debug|Win32
		{94846A9D-E50D-4C8B-AC6C-564C5CAF091A}.Debug|x64.ActiveCfg = Debug|x64
		{94846A9D-E50D-4C8B-AC6C-564C5CAF091A}.Debug|x64.Build.0 = Debug|x64
		{94846A9D-E50D-4C8B-AC6C-564C5CAF091A}.Release|Win32.ActiveCfg = Release|Win32
		{94846A9D-E50D-4C8B-AC6C-564C5CAF091A}.Release|Win32.Build.0 = Release|Win32
		{94846A9D-E50D-4C8B-AC6C-564C5CAF091A}.Release|x64.ActiveCfg = Release|Win32
		{B6B34723-BAA8-4A97-ACEA-9B53F73B07EA}.Debug|Win32.ActiveCfg = Debug|Win32
		{B6B34723-BAA8-4A97-ACEA-9B53F73B07EA}.Debug|Win32.Build.0 = Debug|Win32
		{B6B34723-BAA8-4A97-ACEA-9B53F73B07EA}.Debug|x64.ActiveCfg = Debug|x64
		{B6B34723-BAA8-4A97-ACEA-9B53F73B07EA}.Debug|x64.Build.0 = Debug|x64
		{B6B34723-BAA8-4A97-ACEA-9B53F73B07EA}.Release|Win32.ActiveCfg = Release|Win32
		{B6B34723-BAA8-4A97-ACEA-9B53F73B07EA}.Release|Win32.Build.0 = Release|Win32
		{B6B34723-BAA8-4A97-ACEA-9B53F73B07EA}.Release|x64.ActiveCfg = Release|x64
		{B6B34723-BAA8-4A97-ACEA-9B53F73B07EA}.Release|x64.Build.0 = Release|x64
		{FE23FD66-B704-4120-894B-5221D2D4F5BD}.Debug|Win32.ActiveCfg = Debug|Win32
		{FE23FD66-B704-4120-894B-5221D2D4F5BD}.Debug|Win32.Build.0 = Debug|Win32
		{FE23FD66-B704-4120-894B-5221D2D4F5BD}.Debug|x64.ActiveCfg = Debug|x64
		{FE23FD66-B704-4120-894B-5221D2D4F5BD}.Debug|x64.Build.0 = Debug|x64
		{FE23FD66-B704-4120-894B-5221D2D4F5BD}.Release|Win32.ActiveCfg = Release|Win32
		{FE23FD66-B704-4120-894B-5221D2D4F5BD}.Release|Win32.Build.0 = Release|Win32
		{FE23FD66-B704-4120-894B-5221D2D4F5BD}.Release|x64.ActiveCfg = Release|Win32
		{E15E9F36-73E2-45AA-9A7B-5C2FC3065B06}.Debug|Win32.ActiveCfg = Debug|Win32
		{E15E9F36-73E2-45AA-9A7B-5C2FC3065B06}.Debug|Win32.Build.0 = Debug|Win32
		{E15E9F36-73E2-45AA-9A7B-5C2FC3065B06}.Debug|x64.ActiveCfg = Debug|x64
		{E15E9F36-73E2-45AA-9A7B-5C2FC3065B06}.Debug|x64.Build.0 = Debug|x64
		{E15E9F36-73E2-45AA-9A7B-5C2FC3065B06}.Release|Win32.ActiveCfg = Release|Win32
		{E15E9F36-73E2-45AA-9A7B-5C2FC3065B06}.Release|Win32.Build.0 = Release|Win32
		{E15E9F36-73E2-45AA-9A7B-5C2FC3065B06}.Release|x64.ActiveCfg = Release|Win32
	EndGlobalSection
	GlobalSection(SolutionProperties) = preSolution
		HideSolutionNode = FALSE
	EndGlobalSection
EndGlobal
